
Microsoft Visual Studio Solution File, Format Version 12.00
Project("{FAE04EC0-301F-11D3-BF4B-00C04F79EFBC}") = "KafkaMassTransit.Node", "KafkaMassTransit.Node\KafkaMassTransit.Node.csproj", "{6E943FB0-2528-4AD7-8121-D05916131FDF}"
EndProject
Project("{FAE04EC0-301F-11D3-BF4B-00C04F79EFBC}") = "KafkaMassTransit.Data", "KafkaMassTransit.Data\KafkaMassTransit.Data.csproj", "{4203D3A5-35DC-4050-B022-3FAE762E87B0}"
EndProject
Project("{FAE04EC0-301F-11D3-BF4B-00C04F79EFBC}") = "KafkaMassTransit.Client", "KafkaMassTransit.Client\KafkaMassTransit.Client.csproj", "{DF7C6BB7-5AEA-45E7-93E8-79E1BF889CCE}"
EndProject
Global
	GlobalSection(SolutionConfigurationPlatforms) = preSolution
		Debug|Any CPU = Debug|Any CPU
		Release|Any CPU = Release|Any CPU
	EndGlobalSection
	GlobalSection(ProjectConfigurationPlatforms) = postSolution
		{6E943FB0-2528-4AD7-8121-D05916131FDF}.Debug|Any CPU.ActiveCfg = Debug|Any CPU
		{6E943FB0-2528-4AD7-8121-D05916131FDF}.Debug|Any CPU.Build.0 = Debug|Any CPU
		{6E943FB0-2528-4AD7-8121-D05916131FDF}.Release|Any CPU.ActiveCfg = Release|Any CPU
		{6E943FB0-2528-4AD7-8121-D05916131FDF}.Release|Any CPU.Build.0 = Release|Any CPU
		{4203D3A5-35DC-4050-B022-3FAE762E87B0}.Debug|Any CPU.ActiveCfg = Debug|Any CPU
		{4203D3A5-35DC-4050-B022-3FAE762E87B0}.Debug|Any CPU.Build.0 = Debug|Any CPU
		{4203D3A5-35DC-4050-B022-3FAE762E87B0}.Release|Any CPU.ActiveCfg = Release|Any CPU
		{4203D3A5-35DC-4050-B022-3FAE762E87B0}.Release|Any CPU.Build.0 = Release|Any CPU
		{DF7C6BB7-5AEA-45E7-93E8-79E1BF889CCE}.Debug|Any CPU.ActiveCfg = Debug|Any CPU
		{DF7C6BB7-5AEA-45E7-93E8-79E1BF889CCE}.Debug|Any CPU.Build.0 = Debug|Any CPU
		{DF7C6BB7-5AEA-45E7-93E8-79E1BF889CCE}.Release|Any CPU.ActiveCfg = Release|Any CPU
		{DF7C6BB7-5AEA-45E7-93E8-79E1BF889CCE}.Release|Any CPU.Build.0 = Release|Any CPU
	EndGlobalSection
EndGlobal
